
Microsoft Visual Studio Solution File, Format Version 12.00
# Visual Studio Version 17
VisualStudioVersion = 17.3.32929.385
MinimumVisualStudioVersion = 10.0.40219.1
Project("{8BC9CEB8-8B4A-11D0-8D11-00A0C91BC942}") = "Penguin_King", "Penguin_King.vcxproj", "{5605C855-FE29-4B00-8E8B-8D478D573607}"
EndProject
Global
	GlobalSection(SolutionConfigurationPlatforms) = preSolution
		Debug|x64 = Debug|x64
		Debug|x86 = Debug|x86
		Release|x64 = Release|x64
		Release|x86 = Release|x86
	EndGlobalSection
	GlobalSection(ProjectConfigurationPlatforms) = postSolution
		{5605C855-FE29-4B00-8E8B-8D478D573607}.Debug|x64.ActiveCfg = Debug|x64
		{5605C855-FE29-4B00-8E8B-8D478D573607}.Debug|x64.Build.0 = Debug|x64
		{5605C855-FE29-4B00-8E8B-8D478D573607}.Debug|x86.ActiveCfg = Debug|Win32
		{5605C855-FE29-4B00-8E8B-8D478D573607}.Debug|x86.Build.0 = Debug|Win32
		{5605C855-FE29-4B00-8E8B-8D478D573607}.Release|x64.ActiveCfg = Release|x64
		{5605C855-FE29-4B00-8E8B-8D478D573607}.Release|x64.Build.0 = Release|x64
		{5605C855-FE29-4B00-8E8B-8D478D573607}.Release|x86.ActiveCfg = Release|Win32
		{5605C855-FE29-4B00-8E8B-8D478D573607}.Release|x86.Build.0 = Release|Win32
	EndGlobalSection
	GlobalSection(SolutionProperties) = preSolution
		HideSolutionNode = FALSE
	EndGlobalSection
	GlobalSection(ExtensibilityGlobals) = postSolution
		SolutionGuid = {01CE594A-C207-4895-B7E4-C8C449C8A4EF}
	EndGlobalSection
EndGlobal
